
Microsoft Visual Studio Solution File, Format Version 12.00
# Visual Studio Version 16
VisualStudioVersion = 16.0.30804.86
MinimumVisualStudioVersion = 10.0.40219.1
Project("{9A19103F-16F7-4668-BE54-9A1E7A4F7556}") = "RequestCounter.Services", "RequestCounter.Services\RequestCounter.Services.csproj", "{FC20D13B-0FCC-4ABF-AAF4-30C8A4A773B1}"
EndProject
Project("{FAE04EC0-301F-11D3-BF4B-00C04F79EFBC}") = "API", "API\API.csproj", "{5E6881BA-7987-4C31-B7E6-609983F9F7AD}"
EndProject
Global
	GlobalSection(SolutionConfigurationPlatforms) = preSolution
		Debug|Any CPU = Debug|Any CPU
		Release|Any CPU = Release|Any CPU
	EndGlobalSection
	GlobalSection(ProjectConfigurationPlatforms) = postSolution
		{FC20D13B-0FCC-4ABF-AAF4-30C8A4A773B1}.Debug|Any CPU.ActiveCfg = Debug|Any CPU
		{FC20D13B-0FCC-4ABF-AAF4-30C8A4A773B1}.Debug|Any CPU.Build.0 = Debug|Any CPU
		{FC20D13B-0FCC-4ABF-AAF4-30C8A4A773B1}.Release|Any CPU.ActiveCfg = Release|Any CPU
		{FC20D13B-0FCC-4ABF-AAF4-30C8A4A773B1}.Release|Any CPU.Build.0 = Release|Any CPU
		{5E6881BA-7987-4C31-B7E6-609983F9F7AD}.Debug|Any CPU.ActiveCfg = Debug|Any CPU
		{5E6881BA-7987-4C31-B7E6-609983F9F7AD}.Debug|Any CPU.Build.0 = Debug|Any CPU
		{5E6881BA-7987-4C31-B7E6-609983F9F7AD}.Release|Any CPU.ActiveCfg = Release|Any CPU
		{5E6881BA-7987-4C31-B7E6-609983F9F7AD}.Release|Any CPU.Build.0 = Release|Any CPU
	EndGlobalSection
	GlobalSection(SolutionProperties) = preSolution
		HideSolutionNode = FALSE
	EndGlobalSection
	GlobalSection(ExtensibilityGlobals) = postSolution
		SolutionGuid = {6471976B-FE18-44CF-8C15-9E7C83EC6E41}
	EndGlobalSection
EndGlobal
